{
  "name": "back",
  "lockfileVersion": 3,
  "requires": true,
  "packages": {
    "": {
      "dependencies": {
        "buffer-to-stream": "^1.0.0"
      },
      "devDependencies": {
        "@types/buffer-to-stream": "^1.0.3"
      }
    },
    "node_modules/@types/buffer-to-stream": {
      "version": "1.0.3",
      "resolved": "https://registry.npmjs.org/@types/buffer-to-stream/-/buffer-to-stream-1.0.3.tgz",
      "integrity": "sha512-1vVci4cNe4XDrTEDB8fWGORDQRE3HwAD+21j39W1NAlYitXWimPUh/gWpt3+tSZvu9FGrBeprYv5DC2qhq4LFg==",
      "dev": true,
      "license": "MIT",
      "dependencies": {
        "@types/node": "*"
      }
    },
    "node_modules/@types/node": {
      "version": "22.13.0",
      "resolved": "https://registry.npmjs.org/@types/node/-/node-22.13.0.tgz",
      "integrity": "sha512-ClIbNe36lawluuvq3+YYhnIN2CELi+6q8NpnM7PYp4hBn/TatfboPgVSm2rwKRfnV2M+Ty9GWDFI64KEe+kysA==",
      "dev": true,
      "license": "MIT",
      "dependencies": {
        "undici-types": "~6.20.0"
      }
    },
    "node_modules/buffer-to-stream": {
      "version": "1.0.0",
      "resolved": "https://registry.npmjs.org/buffer-to-stream/-/buffer-to-stream-1.0.0.tgz",
      "integrity": "sha512-EMiRQgNY0mFGbPm7zV3b7vc1mSNs7WSkZvH2Rmvl2tjTe43uCuRlCVw1OAEon7NXBTT7He1Pf2lLoKKgvcAujA==",
      "license": "MIT",
      "engines": {
        "node": ">=6"
      }
    },
    "node_modules/undici-types": {
      "version": "6.20.0",
      "resolved": "https://registry.npmjs.org/undici-types/-/undici-types-6.20.0.tgz",
      "integrity": "sha512-Ny6QZ2Nju20vw1SRHe3d9jVu6gJ+4e3+MMpqu7pqE5HT6WsTSlce++GQmK5UXS8mzV8DSYHrQH+Xrf2jVcuKNg==",
      "dev": true,
      "license": "MIT"
    }
  }
}
